
Microsoft Visual Studio Solution File, Format Version 12.00
# Visual Studio Version 17
VisualStudioVersion = 17.0.31903.59
MinimumVisualStudioVersion = 10.0.40219.1
Project("{2150E333-8FDC-42A3-9474-1A3956D46DE8}") = "src", "src", "{827E0CD3-B72D-47B6-A68D-7590B98EB39B}"
EndProject
Project("{2150E333-8FDC-42A3-9474-1A3956D46DE8}") = "Domain", "Domain", "{8B290487-4C16-E85E-E807-F579CBE9FC4D}"
EndProject
Project("{FAE04EC0-301F-11D3-BF4B-00C04F79EFBC}") = "N5.Perimissions.Domain", "src\Domain\N5.Perimissions.Domain\N5.Perimissions.Domain.csproj", "{7DEBBBE3-ACF4-419F-A003-513E56294679}"
EndProject
Project("{2150E333-8FDC-42A3-9474-1A3956D46DE8}") = "Application", "Application", "{22BAF98C-8415-17C4-B26A-D537657BC863}"
EndProject
Project("{FAE04EC0-301F-11D3-BF4B-00C04F79EFBC}") = "N5.Permissions.Application", "src\Application\N5.Permissions.Application\N5.Permissions.Application.csproj", "{A150A891-8C3D-47E3-BE13-631300A7B3FB}"
EndProject
Project("{2150E333-8FDC-42A3-9474-1A3956D46DE8}") = "Presentation", "Presentation", "{6996BBF7-DB31-59BC-C7DD-9A7CCC6138C4}"
EndProject
Project("{FAE04EC0-301F-11D3-BF4B-00C04F79EFBC}") = "N5.Permissions.Services", "src\Presentation\N5.Permissions.Services\N5.Permissions.Services.csproj", "{B14C91AB-7B45-4C89-9890-BB2EADE205EE}"
EndProject
Project("{FAE04EC0-301F-11D3-BF4B-00C04F79EFBC}") = "N5.Permissions.Api", "src\Presentation\N5.Permissions.Api\N5.Permissions.Api.csproj", "{B995191B-D05F-4239-8768-B2B0E856AF5D}"
EndProject
Project("{2150E333-8FDC-42A3-9474-1A3956D46DE8}") = "Infraestructure", "Infraestructure", "{8A51B04C-2636-BC03-B3C4-2AB7C54748BA}"
EndProject
Project("{FAE04EC0-301F-11D3-BF4B-00C04F79EFBC}") = "N5.Permissions.Infraestructure", "src\Infraestructure\N5.Permissions.Infraestructure\N5.Permissions.Infraestructure.csproj", "{9F6E2717-840C-49C3-BA55-F300513E8627}"
EndProject
Project("{2150E333-8FDC-42A3-9474-1A3956D46DE8}") = "test", "test", "{0C88DD14-F956-CE84-757C-A364CCF449FC}"
EndProject
Project("{FAE04EC0-301F-11D3-BF4B-00C04F79EFBC}") = "N5.Permissions.Common.Test", "test\N5.Permissions.Common.Test\N5.Permissions.Common.Test.csproj", "{66A75BEC-C354-425C-A170-DED89EDD3ED6}"
EndProject
Project("{FAE04EC0-301F-11D3-BF4B-00C04F79EFBC}") = "N5.Permissions.Services.Test", "test\N5.Permissions.Services.Test\N5.Permissions.Services.Test.csproj", "{DE6480E8-FDF3-43C8-984B-43CFCB9968F1}"
EndProject
Project("{FAE04EC0-301F-11D3-BF4B-00C04F79EFBC}") = "N5.Permissions.Api.Test", "test\N5.Permissions.Api.Test\N5.Permissions.Api.Test.csproj", "{77CEF794-0778-4D74-BBA8-7A865949102D}"
EndProject
Global
	GlobalSection(SolutionConfigurationPlatforms) = preSolution
		Debug|Any CPU = Debug|Any CPU
		Debug|x64 = Debug|x64
		Debug|x86 = Debug|x86
		Release|Any CPU = Release|Any CPU
		Release|x64 = Release|x64
		Release|x86 = Release|x86
	EndGlobalSection
	GlobalSection(ProjectConfigurationPlatforms) = postSolution
		{7DEBBBE3-ACF4-419F-A003-513E56294679}.Debug|Any CPU.ActiveCfg = Debug|Any CPU
		{7DEBBBE3-ACF4-419F-A003-513E56294679}.Debug|Any CPU.Build.0 = Debug|Any CPU
		{7DEBBBE3-ACF4-419F-A003-513E56294679}.Debug|x64.ActiveCfg = Debug|Any CPU
		{7DEBBBE3-ACF4-419F-A003-513E56294679}.Debug|x64.Build.0 = Debug|Any CPU
		{7DEBBBE3-ACF4-419F-A003-513E56294679}.Debug|x86.ActiveCfg = Debug|Any CPU
		{7DEBBBE3-ACF4-419F-A003-513E56294679}.Debug|x86.Build.0 = Debug|Any CPU
		{7DEBBBE3-ACF4-419F-A003-513E56294679}.Release|Any CPU.ActiveCfg = Release|Any CPU
		{7DEBBBE3-ACF4-419F-A003-513E56294679}.Release|Any CPU.Build.0 = Release|Any CPU
		{7DEBBBE3-ACF4-419F-A003-513E56294679}.Release|x64.ActiveCfg = Release|Any CPU
		{7DEBBBE3-ACF4-419F-A003-513E56294679}.Release|x64.Build.0 = Release|Any CPU
		{7DEBBBE3-ACF4-419F-A003-513E56294679}.Release|x86.ActiveCfg = Release|Any CPU
		{7DEBBBE3-ACF4-419F-A003-513E56294679}.Release|x86.Build.0 = Release|Any CPU
		{A150A891-8C3D-47E3-BE13-631300A7B3FB}.Debug|Any CPU.ActiveCfg = Debug|Any CPU
		{A150A891-8C3D-47E3-BE13-631300A7B3FB}.Debug|Any CPU.Build.0 = Debug|Any CPU
		{A150A891-8C3D-47E3-BE13-631300A7B3FB}.Debug|x64.ActiveCfg = Debug|Any CPU
		{A150A891-8C3D-47E3-BE13-631300A7B3FB}.Debug|x64.Build.0 = Debug|Any CPU
		{A150A891-8C3D-47E3-BE13-631300A7B3FB}.Debug|x86.ActiveCfg = Debug|Any CPU
		{A150A891-8C3D-47E3-BE13-631300A7B3FB}.Debug|x86.Build.0 = Debug|Any CPU
		{A150A891-8C3D-47E3-BE13-631300A7B3FB}.Release|Any CPU.ActiveCfg = Release|Any CPU
		{A150A891-8C3D-47E3-BE13-631300A7B3FB}.Release|Any CPU.Build.0 = Release|Any CPU
		{A150A891-8C3D-47E3-BE13-631300A7B3FB}.Release|x64.ActiveCfg = Release|Any CPU
		{A150A891-8C3D-47E3-BE13-631300A7B3FB}.Release|x64.Build.0 = Release|Any CPU
		{A150A891-8C3D-47E3-BE13-631300A7B3FB}.Release|x86.ActiveCfg = Release|Any CPU
		{A150A891-8C3D-47E3-BE13-631300A7B3FB}.Release|x86.Build.0 = Release|Any CPU
		{B14C91AB-7B45-4C89-9890-BB2EADE205EE}.Debug|Any CPU.ActiveCfg = Debug|Any CPU
		{B14C91AB-7B45-4C89-9890-BB2EADE205EE}.Debug|Any CPU.Build.0 = Debug|Any CPU
		{B14C91AB-7B45-4C89-9890-BB2EADE205EE}.Debug|x64.ActiveCfg = Debug|Any CPU
		{B14C91AB-7B45-4C89-9890-BB2EADE205EE}.Debug|x64.Build.0 = Debug|Any CPU
		{B14C91AB-7B45-4C89-9890-BB2EADE205EE}.Debug|x86.ActiveCfg = Debug|Any CPU
		{B14C91AB-7B45-4C89-9890-BB2EADE205EE}.Debug|x86.Build.0 = Debug|Any CPU
		{B14C91AB-7B45-4C89-9890-BB2EADE205EE}.Release|Any CPU.ActiveCfg = Release|Any CPU
		{B14C91AB-7B45-4C89-9890-BB2EADE205EE}.Release|Any CPU.Build.0 = Release|Any CPU
		{B14C91AB-7B45-4C89-9890-BB2EADE205EE}.Release|x64.ActiveCfg = Release|Any CPU
		{B14C91AB-7B45-4C89-9890-BB2EADE205EE}.Release|x64.Build.0 = Release|Any CPU
		{B14C91AB-7B45-4C89-9890-BB2EADE205EE}.Release|x86.ActiveCfg = Release|Any CPU
		{B14C91AB-7B45-4C89-9890-BB2EADE205EE}.Release|x86.Build.0 = Release|Any CPU
		{B995191B-D05F-4239-8768-B2B0E856AF5D}.Debug|Any CPU.ActiveCfg = Debug|Any CPU
		{B995191B-D05F-4239-8768-B2B0E856AF5D}.Debug|Any CPU.Build.0 = Debug|Any CPU
		{B995191B-D05F-4239-8768-B2B0E856AF5D}.Debug|x64.ActiveCfg = Debug|Any CPU
		{B995191B-D05F-4239-8768-B2B0E856AF5D}.Debug|x64.Build.0 = Debug|Any CPU
		{B995191B-D05F-4239-8768-B2B0E856AF5D}.Debug|x86.ActiveCfg = Debug|Any CPU
		{B995191B-D05F-4239-8768-B2B0E856AF5D}.Debug|x86.Build.0 = Debug|Any CPU
		{B995191B-D05F-4239-8768-B2B0E856AF5D}.Release|Any CPU.ActiveCfg = Release|Any CPU
		{B995191B-D05F-4239-8768-B2B0E856AF5D}.Release|Any CPU.Build.0 = Release|Any CPU
		{B995191B-D05F-4239-8768-B2B0E856AF5D}.Release|x64.ActiveCfg = Release|Any CPU
		{B995191B-D05F-4239-8768-B2B0E856AF5D}.Release|x64.Build.0 = Release|Any CPU
		{B995191B-D05F-4239-8768-B2B0E856AF5D}.Release|x86.ActiveCfg = Release|Any CPU
		{B995191B-D05F-4239-8768-B2B0E856AF5D}.Release|x86.Build.0 = Release|Any CPU
		{9F6E2717-840C-49C3-BA55-F300513E8627}.Debug|Any CPU.ActiveCfg = Debug|Any CPU
		{9F6E2717-840C-49C3-BA55-F300513E8627}.Debug|Any CPU.Build.0 = Debug|Any CPU
		{9F6E2717-840C-49C3-BA55-F300513E8627}.Debug|x64.ActiveCfg = Debug|Any CPU
		{9F6E2717-840C-49C3-BA55-F300513E8627}.Debug|x64.Build.0 = Debug|Any CPU
		{9F6E2717-840C-49C3-BA55-F300513E8627}.Debug|x86.ActiveCfg = Debug|Any CPU
		{9F6E2717-840C-49C3-BA55-F300513E8627}.Debug|x86.Build.0 = Debug|Any CPU
		{9F6E2717-840C-49C3-BA55-F300513E8627}.Release|Any CPU.ActiveCfg = Release|Any CPU
		{9F6E2717-840C-49C3-BA55-F300513E8627}.Release|Any CPU.Build.0 = Release|Any CPU
		{9F6E2717-840C-49C3-BA55-F300513E8627}.Release|x64.ActiveCfg = Release|Any CPU
		{9F6E2717-840C-49C3-BA55-F300513E8627}.Release|x64.Build.0 = Release|Any CPU
		{9F6E2717-840C-49C3-BA55-F300513E8627}.Release|x86.ActiveCfg = Release|Any CPU
		{9F6E2717-840C-49C3-BA55-F300513E8627}.Release|x86.Build.0 = Release|Any CPU
		{66A75BEC-C354-425C-A170-DED89EDD3ED6}.Debug|Any CPU.ActiveCfg = Debug|Any CPU
		{66A75BEC-C354-425C-A170-DED89EDD3ED6}.Debug|Any CPU.Build.0 = Debug|Any CPU
		{66A75BEC-C354-425C-A170-DED89EDD3ED6}.Debug|x64.ActiveCfg = Debug|Any CPU
		{66A75BEC-C354-425C-A170-DED89EDD3ED6}.Debug|x64.Build.0 = Debug|Any CPU
		{66A75BEC-C354-425C-A170-DED89EDD3ED6}.Debug|x86.ActiveCfg = Debug|Any CPU
		{66A75BEC-C354-425C-A170-DED89EDD3ED6}.Debug|x86.Build.0 = Debug|Any CPU
		{66A75BEC-C354-425C-A170-DED89EDD3ED6}.Release|Any CPU.ActiveCfg = Release|Any CPU
		{66A75BEC-C354-425C-A170-DED89EDD3ED6}.Release|Any CPU.Build.0 = Release|Any CPU
		{66A75BEC-C354-425C-A170-DED89EDD3ED6}.Release|x64.ActiveCfg = Release|Any CPU
		{66A75BEC-C354-425C-A170-DED89EDD3ED6}.Release|x64.Build.0 = Release|Any CPU
		{66A75BEC-C354-425C-A170-DED89EDD3ED6}.Release|x86.ActiveCfg = Release|Any CPU
		{66A75BEC-C354-425C-A170-DED89EDD3ED6}.Release|x86.Build.0 = Release|Any CPU
		{DE6480E8-FDF3-43C8-984B-43CFCB9968F1}.Debug|Any CPU.ActiveCfg = Debug|Any CPU
		{DE6480E8-FDF3-43C8-984B-43CFCB9968F1}.Debug|Any CPU.Build.0 = Debug|Any CPU
		{DE6480E8-FDF3-43C8-984B-43CFCB9968F1}.Debug|x64.ActiveCfg = Debug|Any CPU
		{DE6480E8-FDF3-43C8-984B-43CFCB9968F1}.Debug|x64.Build.0 = Debug|Any CPU
		{DE6480E8-FDF3-43C8-984B-43CFCB9968F1}.Debug|x86.ActiveCfg = Debug|Any CPU
		{DE6480E8-FDF3-43C8-984B-43CFCB9968F1}.Debug|x86.Build.0 = Debug|Any CPU
		{DE6480E8-FDF3-43C8-984B-43CFCB9968F1}.Release|Any CPU.ActiveCfg = Release|Any CPU
		{DE6480E8-FDF3-43C8-984B-43CFCB9968F1}.Release|Any CPU.Build.0 = Release|Any CPU
		{DE6480E8-FDF3-43C8-984B-43CFCB9968F1}.Release|x64.ActiveCfg = Release|Any CPU
		{DE6480E8-FDF3-43C8-984B-43CFCB9968F1}.Release|x64.Build.0 = Release|Any CPU
		{DE6480E8-FDF3-43C8-984B-43CFCB9968F1}.Release|x86.ActiveCfg = Release|Any CPU
		{DE6480E8-FDF3-43C8-984B-43CFCB9968F1}.Release|x86.Build.0 = Release|Any CPU
		{77CEF794-0778-4D74-BBA8-7A865949102D}.Debug|Any CPU.ActiveCfg = Debug|Any CPU
		{77CEF794-0778-4D74-BBA8-7A865949102D}.Debug|Any CPU.Build.0 = Debug|Any CPU
		{77CEF794-0778-4D74-BBA8-7A865949102D}.Debug|x64.ActiveCfg = Debug|Any CPU
		{77CEF794-0778-4D74-BBA8-7A865949102D}.Debug|x64.Build.0 = Debug|Any CPU
		{77CEF794-0778-4D74-BBA8-7A865949102D}.Debug|x86.ActiveCfg = Debug|Any CPU
		{77CEF794-0778-4D74-BBA8-7A865949102D}.Debug|x86.Build.0 = Debug|Any CPU
		{77CEF794-0778-4D74-BBA8-7A865949102D}.Release|Any CPU.ActiveCfg = Release|Any CPU
		{77CEF794-0778-4D74-BBA8-7A865949102D}.Release|Any CPU.Build.0 = Release|Any CPU
		{77CEF794-0778-4D74-BBA8-7A865949102D}.Release|x64.ActiveCfg = Release|Any CPU
		{77CEF794-0778-4D74-BBA8-7A865949102D}.Release|x64.Build.0 = Release|Any CPU
		{77CEF794-0778-4D74-BBA8-7A865949102D}.Release|x86.ActiveCfg = Release|Any CPU
		{77CEF794-0778-4D74-BBA8-7A865949102D}.Release|x86.Build.0 = Release|Any CPU
	EndGlobalSection
	GlobalSection(SolutionProperties) = preSolution
		HideSolutionNode = FALSE
	EndGlobalSection
	GlobalSection(NestedProjects) = preSolution
		{8B290487-4C16-E85E-E807-F579CBE9FC4D} = {827E0CD3-B72D-47B6-A68D-7590B98EB39B}
		{7DEBBBE3-ACF4-419F-A003-513E56294679} = {8B290487-4C16-E85E-E807-F579CBE9FC4D}
		{22BAF98C-8415-17C4-B26A-D537657BC863} = {827E0CD3-B72D-47B6-A68D-7590B98EB39B}
		{A150A891-8C3D-47E3-BE13-631300A7B3FB} = {22BAF98C-8415-17C4-B26A-D537657BC863}
		{6996BBF7-DB31-59BC-C7DD-9A7CCC6138C4} = {827E0CD3-B72D-47B6-A68D-7590B98EB39B}
		{B14C91AB-7B45-4C89-9890-BB2EADE205EE} = {6996BBF7-DB31-59BC-C7DD-9A7CCC6138C4}
		{B995191B-D05F-4239-8768-B2B0E856AF5D} = {6996BBF7-DB31-59BC-C7DD-9A7CCC6138C4}
		{8A51B04C-2636-BC03-B3C4-2AB7C54748BA} = {827E0CD3-B72D-47B6-A68D-7590B98EB39B}
		{9F6E2717-840C-49C3-BA55-F300513E8627} = {8A51B04C-2636-BC03-B3C4-2AB7C54748BA}
		{66A75BEC-C354-425C-A170-DED89EDD3ED6} = {0C88DD14-F956-CE84-757C-A364CCF449FC}
		{DE6480E8-FDF3-43C8-984B-43CFCB9968F1} = {0C88DD14-F956-CE84-757C-A364CCF449FC}
		{77CEF794-0778-4D74-BBA8-7A865949102D} = {0C88DD14-F956-CE84-757C-A364CCF449FC}
	EndGlobalSection
EndGlobal
