
Microsoft Visual Studio Solution File, Format Version 12.00
# Visual Studio Version 17
VisualStudioVersion = 17.0.31903.59
MinimumVisualStudioVersion = 10.0.40219.1
Project("{2150E333-8FDC-42A3-9474-1A3956D46DE8}") = "src", "src", "{827E0CD3-B72D-47B6-A68D-7590B98EB39B}"
	ProjectSection(SolutionItems) = preProject
		docker-compose.yaml = docker-compose.yaml
	EndProjectSection
EndProject
Project("{2150E333-8FDC-42A3-9474-1A3956D46DE8}") = "Domain", "Domain", "{8B290487-4C16-E85E-E807-F579CBE9FC4D}"
EndProject
Project("{FAE04EC0-301F-11D3-BF4B-00C04F79EFBC}") = "N5.Permissions.Domain", "src\Domain\N5.Permissions.Domain\N5.Permissions.Domain.csproj", "{7DEBBBE3-ACF4-419F-A003-513E56294679}"
EndProject
Project("{2150E333-8FDC-42A3-9474-1A3956D46DE8}") = "Application", "Application", "{22BAF98C-8415-17C4-B26A-D537657BC863}"
EndProject
Project("{FAE04EC0-301F-11D3-BF4B-00C04F79EFBC}") = "N5.Permissions.Application", "src\Application\N5.Permissions.Application\N5.Permissions.Application.csproj", "{A150A891-8C3D-47E3-BE13-631300A7B3FB}"
EndProject
Project("{2150E333-8FDC-42A3-9474-1A3956D46DE8}") = "Presentation", "Presentation", "{6996BBF7-DB31-59BC-C7DD-9A7CCC6138C4}"
EndProject
Project("{FAE04EC0-301F-11D3-BF4B-00C04F79EFBC}") = "N5.Permissions.Api", "src\Presentation\N5.Permissions.Api\N5.Permissions.Api.csproj", "{B995191B-D05F-4239-8768-B2B0E856AF5D}"
EndProject
Project("{2150E333-8FDC-42A3-9474-1A3956D46DE8}") = "Infraestructure", "Infraestructure", "{8A51B04C-2636-BC03-B3C4-2AB7C54748BA}"
EndProject
Project("{2150E333-8FDC-42A3-9474-1A3956D46DE8}") = "test", "test", "{0C88DD14-F956-CE84-757C-A364CCF449FC}"
EndProject
Project("{FAE04EC0-301F-11D3-BF4B-00C04F79EFBC}") = "N5.Permissions.Common.Test", "test\N5.Permissions.Common.Test\N5.Permissions.Common.Test.csproj", "{66A75BEC-C354-425C-A170-DED89EDD3ED6}"
EndProject
Project("{FAE04EC0-301F-11D3-BF4B-00C04F79EFBC}") = "N5.Permissions.Api.Test", "test\N5.Permissions.Api.Test\N5.Permissions.Api.Test.csproj", "{77CEF794-0778-4D74-BBA8-7A865949102D}"
EndProject
Project("{2150E333-8FDC-42A3-9474-1A3956D46DE8}") = "Persistence", "Persistence", "{87EE2688-CCBC-49DE-7814-F0F206AEE40D}"
EndProject
Project("{FAE04EC0-301F-11D3-BF4B-00C04F79EFBC}") = "N5.Permissions.Infraestructure.Persistence.Sql", "src\Infraestructure\Persistence\N5.Permissions.Infraestructure.Persistence.Sql\N5.Permissions.Infraestructure.Persistence.Sql.csproj", "{618D38EC-0AF9-4CB0-B305-7190C45A14E2}"
EndProject
Project("{FAE04EC0-301F-11D3-BF4B-00C04F79EFBC}") = "N5.Permissions.Infraestructure.Persistence.Elasticsearch", "src\Infraestructure\Persistence\N5.Permissions.Infraestructure.Persistence.Elasticsearch\N5.Permissions.Infraestructure.Persistence.Elasticsearch.csproj", "{3BD6F64D-6E4E-4E42-B199-D6707CEC32B4}"
EndProject
Project("{2150E333-8FDC-42A3-9474-1A3956D46DE8}") = "Messaging", "Messaging", "{F00BCCCE-0312-0A7C-7224-3FA5F2F140B3}"
EndProject
Project("{FAE04EC0-301F-11D3-BF4B-00C04F79EFBC}") = "N5.Permissions.Infraestructure.Messaging.Kafka", "src\Infraestructure\Messaging\N5.Permissions.Infraestructure.Messaging.Kafka\N5.Permissions.Infraestructure.Messaging.Kafka.csproj", "{2A54FB89-60A2-41F5-BF51-98DBC4648660}"
EndProject
Project("{FAE04EC0-301F-11D3-BF4B-00C04F79EFBC}") = "N5.Permissions.Services", "src\Presentation\N5.Permissions.Services\N5.Permissions.Services.csproj", "{B5B74C24-5A17-4E8A-B677-D3CBC950167C}"
EndProject
Project("{FAE04EC0-301F-11D3-BF4B-00C04F79EFBC}") = "N5.Permissions.Services.Test", "test\N5.Permissions.Services.Test\N5.Permissions.Services.Test.csproj", "{03725606-3D6E-4649-833E-1B858F61A501}"
EndProject
Global
	GlobalSection(SolutionConfigurationPlatforms) = preSolution
		Debug|Any CPU = Debug|Any CPU
		Debug|x64 = Debug|x64
		Debug|x86 = Debug|x86
		Release|Any CPU = Release|Any CPU
		Release|x64 = Release|x64
		Release|x86 = Release|x86
	EndGlobalSection
	GlobalSection(ProjectConfigurationPlatforms) = postSolution
		{7DEBBBE3-ACF4-419F-A003-513E56294679}.Debug|Any CPU.ActiveCfg = Debug|Any CPU
		{7DEBBBE3-ACF4-419F-A003-513E56294679}.Debug|Any CPU.Build.0 = Debug|Any CPU
		{7DEBBBE3-ACF4-419F-A003-513E56294679}.Debug|x64.ActiveCfg = Debug|Any CPU
		{7DEBBBE3-ACF4-419F-A003-513E56294679}.Debug|x64.Build.0 = Debug|Any CPU
		{7DEBBBE3-ACF4-419F-A003-513E56294679}.Debug|x86.ActiveCfg = Debug|Any CPU
		{7DEBBBE3-ACF4-419F-A003-513E56294679}.Debug|x86.Build.0 = Debug|Any CPU
		{7DEBBBE3-ACF4-419F-A003-513E56294679}.Release|Any CPU.ActiveCfg = Release|Any CPU
		{7DEBBBE3-ACF4-419F-A003-513E56294679}.Release|Any CPU.Build.0 = Release|Any CPU
		{7DEBBBE3-ACF4-419F-A003-513E56294679}.Release|x64.ActiveCfg = Release|Any CPU
		{7DEBBBE3-ACF4-419F-A003-513E56294679}.Release|x64.Build.0 = Release|Any CPU
		{7DEBBBE3-ACF4-419F-A003-513E56294679}.Release|x86.ActiveCfg = Release|Any CPU
		{7DEBBBE3-ACF4-419F-A003-513E56294679}.Release|x86.Build.0 = Release|Any CPU
		{A150A891-8C3D-47E3-BE13-631300A7B3FB}.Debug|Any CPU.ActiveCfg = Debug|Any CPU
		{A150A891-8C3D-47E3-BE13-631300A7B3FB}.Debug|Any CPU.Build.0 = Debug|Any CPU
		{A150A891-8C3D-47E3-BE13-631300A7B3FB}.Debug|x64.ActiveCfg = Debug|Any CPU
		{A150A891-8C3D-47E3-BE13-631300A7B3FB}.Debug|x64.Build.0 = Debug|Any CPU
		{A150A891-8C3D-47E3-BE13-631300A7B3FB}.Debug|x86.ActiveCfg = Debug|Any CPU
		{A150A891-8C3D-47E3-BE13-631300A7B3FB}.Debug|x86.Build.0 = Debug|Any CPU
		{A150A891-8C3D-47E3-BE13-631300A7B3FB}.Release|Any CPU.ActiveCfg = Release|Any CPU
		{A150A891-8C3D-47E3-BE13-631300A7B3FB}.Release|Any CPU.Build.0 = Release|Any CPU
		{A150A891-8C3D-47E3-BE13-631300A7B3FB}.Release|x64.ActiveCfg = Release|Any CPU
		{A150A891-8C3D-47E3-BE13-631300A7B3FB}.Release|x64.Build.0 = Release|Any CPU
		{A150A891-8C3D-47E3-BE13-631300A7B3FB}.Release|x86.ActiveCfg = Release|Any CPU
		{A150A891-8C3D-47E3-BE13-631300A7B3FB}.Release|x86.Build.0 = Release|Any CPU
		{B995191B-D05F-4239-8768-B2B0E856AF5D}.Debug|Any CPU.ActiveCfg = Debug|Any CPU
		{B995191B-D05F-4239-8768-B2B0E856AF5D}.Debug|Any CPU.Build.0 = Debug|Any CPU
		{B995191B-D05F-4239-8768-B2B0E856AF5D}.Debug|x64.ActiveCfg = Debug|Any CPU
		{B995191B-D05F-4239-8768-B2B0E856AF5D}.Debug|x64.Build.0 = Debug|Any CPU
		{B995191B-D05F-4239-8768-B2B0E856AF5D}.Debug|x86.ActiveCfg = Debug|Any CPU
		{B995191B-D05F-4239-8768-B2B0E856AF5D}.Debug|x86.Build.0 = Debug|Any CPU
		{B995191B-D05F-4239-8768-B2B0E856AF5D}.Release|Any CPU.ActiveCfg = Release|Any CPU
		{B995191B-D05F-4239-8768-B2B0E856AF5D}.Release|Any CPU.Build.0 = Release|Any CPU
		{B995191B-D05F-4239-8768-B2B0E856AF5D}.Release|x64.ActiveCfg = Release|Any CPU
		{B995191B-D05F-4239-8768-B2B0E856AF5D}.Release|x64.Build.0 = Release|Any CPU
		{B995191B-D05F-4239-8768-B2B0E856AF5D}.Release|x86.ActiveCfg = Release|Any CPU
		{B995191B-D05F-4239-8768-B2B0E856AF5D}.Release|x86.Build.0 = Release|Any CPU
		{66A75BEC-C354-425C-A170-DED89EDD3ED6}.Debug|Any CPU.ActiveCfg = Debug|Any CPU
		{66A75BEC-C354-425C-A170-DED89EDD3ED6}.Debug|Any CPU.Build.0 = Debug|Any CPU
		{66A75BEC-C354-425C-A170-DED89EDD3ED6}.Debug|x64.ActiveCfg = Debug|Any CPU
		{66A75BEC-C354-425C-A170-DED89EDD3ED6}.Debug|x64.Build.0 = Debug|Any CPU
		{66A75BEC-C354-425C-A170-DED89EDD3ED6}.Debug|x86.ActiveCfg = Debug|Any CPU
		{66A75BEC-C354-425C-A170-DED89EDD3ED6}.Debug|x86.Build.0 = Debug|Any CPU
		{66A75BEC-C354-425C-A170-DED89EDD3ED6}.Release|Any CPU.ActiveCfg = Release|Any CPU
		{66A75BEC-C354-425C-A170-DED89EDD3ED6}.Release|Any CPU.Build.0 = Release|Any CPU
		{66A75BEC-C354-425C-A170-DED89EDD3ED6}.Release|x64.ActiveCfg = Release|Any CPU
		{66A75BEC-C354-425C-A170-DED89EDD3ED6}.Release|x64.Build.0 = Release|Any CPU
		{66A75BEC-C354-425C-A170-DED89EDD3ED6}.Release|x86.ActiveCfg = Release|Any CPU
		{66A75BEC-C354-425C-A170-DED89EDD3ED6}.Release|x86.Build.0 = Release|Any CPU
		{77CEF794-0778-4D74-BBA8-7A865949102D}.Debug|Any CPU.ActiveCfg = Debug|Any CPU
		{77CEF794-0778-4D74-BBA8-7A865949102D}.Debug|Any CPU.Build.0 = Debug|Any CPU
		{77CEF794-0778-4D74-BBA8-7A865949102D}.Debug|x64.ActiveCfg = Debug|Any CPU
		{77CEF794-0778-4D74-BBA8-7A865949102D}.Debug|x64.Build.0 = Debug|Any CPU
		{77CEF794-0778-4D74-BBA8-7A865949102D}.Debug|x86.ActiveCfg = Debug|Any CPU
		{77CEF794-0778-4D74-BBA8-7A865949102D}.Debug|x86.Build.0 = Debug|Any CPU
		{77CEF794-0778-4D74-BBA8-7A865949102D}.Release|Any CPU.ActiveCfg = Release|Any CPU
		{77CEF794-0778-4D74-BBA8-7A865949102D}.Release|Any CPU.Build.0 = Release|Any CPU
		{77CEF794-0778-4D74-BBA8-7A865949102D}.Release|x64.ActiveCfg = Release|Any CPU
		{77CEF794-0778-4D74-BBA8-7A865949102D}.Release|x64.Build.0 = Release|Any CPU
		{77CEF794-0778-4D74-BBA8-7A865949102D}.Release|x86.ActiveCfg = Release|Any CPU
		{77CEF794-0778-4D74-BBA8-7A865949102D}.Release|x86.Build.0 = Release|Any CPU
		{618D38EC-0AF9-4CB0-B305-7190C45A14E2}.Debug|Any CPU.ActiveCfg = Debug|Any CPU
		{618D38EC-0AF9-4CB0-B305-7190C45A14E2}.Debug|Any CPU.Build.0 = Debug|Any CPU
		{618D38EC-0AF9-4CB0-B305-7190C45A14E2}.Debug|x64.ActiveCfg = Debug|Any CPU
		{618D38EC-0AF9-4CB0-B305-7190C45A14E2}.Debug|x64.Build.0 = Debug|Any CPU
		{618D38EC-0AF9-4CB0-B305-7190C45A14E2}.Debug|x86.ActiveCfg = Debug|Any CPU
		{618D38EC-0AF9-4CB0-B305-7190C45A14E2}.Debug|x86.Build.0 = Debug|Any CPU
		{618D38EC-0AF9-4CB0-B305-7190C45A14E2}.Release|Any CPU.ActiveCfg = Release|Any CPU
		{618D38EC-0AF9-4CB0-B305-7190C45A14E2}.Release|Any CPU.Build.0 = Release|Any CPU
		{618D38EC-0AF9-4CB0-B305-7190C45A14E2}.Release|x64.ActiveCfg = Release|Any CPU
		{618D38EC-0AF9-4CB0-B305-7190C45A14E2}.Release|x64.Build.0 = Release|Any CPU
		{618D38EC-0AF9-4CB0-B305-7190C45A14E2}.Release|x86.ActiveCfg = Release|Any CPU
		{618D38EC-0AF9-4CB0-B305-7190C45A14E2}.Release|x86.Build.0 = Release|Any CPU
		{3BD6F64D-6E4E-4E42-B199-D6707CEC32B4}.Debug|Any CPU.ActiveCfg = Debug|Any CPU
		{3BD6F64D-6E4E-4E42-B199-D6707CEC32B4}.Debug|Any CPU.Build.0 = Debug|Any CPU
		{3BD6F64D-6E4E-4E42-B199-D6707CEC32B4}.Debug|x64.ActiveCfg = Debug|Any CPU
		{3BD6F64D-6E4E-4E42-B199-D6707CEC32B4}.Debug|x64.Build.0 = Debug|Any CPU
		{3BD6F64D-6E4E-4E42-B199-D6707CEC32B4}.Debug|x86.ActiveCfg = Debug|Any CPU
		{3BD6F64D-6E4E-4E42-B199-D6707CEC32B4}.Debug|x86.Build.0 = Debug|Any CPU
		{3BD6F64D-6E4E-4E42-B199-D6707CEC32B4}.Release|Any CPU.ActiveCfg = Release|Any CPU
		{3BD6F64D-6E4E-4E42-B199-D6707CEC32B4}.Release|Any CPU.Build.0 = Release|Any CPU
		{3BD6F64D-6E4E-4E42-B199-D6707CEC32B4}.Release|x64.ActiveCfg = Release|Any CPU
		{3BD6F64D-6E4E-4E42-B199-D6707CEC32B4}.Release|x64.Build.0 = Release|Any CPU
		{3BD6F64D-6E4E-4E42-B199-D6707CEC32B4}.Release|x86.ActiveCfg = Release|Any CPU
		{3BD6F64D-6E4E-4E42-B199-D6707CEC32B4}.Release|x86.Build.0 = Release|Any CPU
		{2A54FB89-60A2-41F5-BF51-98DBC4648660}.Debug|Any CPU.ActiveCfg = Debug|Any CPU
		{2A54FB89-60A2-41F5-BF51-98DBC4648660}.Debug|Any CPU.Build.0 = Debug|Any CPU
		{2A54FB89-60A2-41F5-BF51-98DBC4648660}.Debug|x64.ActiveCfg = Debug|Any CPU
		{2A54FB89-60A2-41F5-BF51-98DBC4648660}.Debug|x64.Build.0 = Debug|Any CPU
		{2A54FB89-60A2-41F5-BF51-98DBC4648660}.Debug|x86.ActiveCfg = Debug|Any CPU
		{2A54FB89-60A2-41F5-BF51-98DBC4648660}.Debug|x86.Build.0 = Debug|Any CPU
		{2A54FB89-60A2-41F5-BF51-98DBC4648660}.Release|Any CPU.ActiveCfg = Release|Any CPU
		{2A54FB89-60A2-41F5-BF51-98DBC4648660}.Release|Any CPU.Build.0 = Release|Any CPU
		{2A54FB89-60A2-41F5-BF51-98DBC4648660}.Release|x64.ActiveCfg = Release|Any CPU
		{2A54FB89-60A2-41F5-BF51-98DBC4648660}.Release|x64.Build.0 = Release|Any CPU
		{2A54FB89-60A2-41F5-BF51-98DBC4648660}.Release|x86.ActiveCfg = Release|Any CPU
		{2A54FB89-60A2-41F5-BF51-98DBC4648660}.Release|x86.Build.0 = Release|Any CPU
		{B5B74C24-5A17-4E8A-B677-D3CBC950167C}.Debug|Any CPU.ActiveCfg = Debug|Any CPU
		{B5B74C24-5A17-4E8A-B677-D3CBC950167C}.Debug|Any CPU.Build.0 = Debug|Any CPU
		{B5B74C24-5A17-4E8A-B677-D3CBC950167C}.Debug|x64.ActiveCfg = Debug|Any CPU
		{B5B74C24-5A17-4E8A-B677-D3CBC950167C}.Debug|x64.Build.0 = Debug|Any CPU
		{B5B74C24-5A17-4E8A-B677-D3CBC950167C}.Debug|x86.ActiveCfg = Debug|Any CPU
		{B5B74C24-5A17-4E8A-B677-D3CBC950167C}.Debug|x86.Build.0 = Debug|Any CPU
		{B5B74C24-5A17-4E8A-B677-D3CBC950167C}.Release|Any CPU.ActiveCfg = Release|Any CPU
		{B5B74C24-5A17-4E8A-B677-D3CBC950167C}.Release|Any CPU.Build.0 = Release|Any CPU
		{B5B74C24-5A17-4E8A-B677-D3CBC950167C}.Release|x64.ActiveCfg = Release|Any CPU
		{B5B74C24-5A17-4E8A-B677-D3CBC950167C}.Release|x64.Build.0 = Release|Any CPU
		{B5B74C24-5A17-4E8A-B677-D3CBC950167C}.Release|x86.ActiveCfg = Release|Any CPU
		{B5B74C24-5A17-4E8A-B677-D3CBC950167C}.Release|x86.Build.0 = Release|Any CPU
		{03725606-3D6E-4649-833E-1B858F61A501}.Debug|Any CPU.ActiveCfg = Debug|Any CPU
		{03725606-3D6E-4649-833E-1B858F61A501}.Debug|Any CPU.Build.0 = Debug|Any CPU
		{03725606-3D6E-4649-833E-1B858F61A501}.Debug|x64.ActiveCfg = Debug|Any CPU
		{03725606-3D6E-4649-833E-1B858F61A501}.Debug|x64.Build.0 = Debug|Any CPU
		{03725606-3D6E-4649-833E-1B858F61A501}.Debug|x86.ActiveCfg = Debug|Any CPU
		{03725606-3D6E-4649-833E-1B858F61A501}.Debug|x86.Build.0 = Debug|Any CPU
		{03725606-3D6E-4649-833E-1B858F61A501}.Release|Any CPU.ActiveCfg = Release|Any CPU
		{03725606-3D6E-4649-833E-1B858F61A501}.Release|Any CPU.Build.0 = Release|Any CPU
		{03725606-3D6E-4649-833E-1B858F61A501}.Release|x64.ActiveCfg = Release|Any CPU
		{03725606-3D6E-4649-833E-1B858F61A501}.Release|x64.Build.0 = Release|Any CPU
		{03725606-3D6E-4649-833E-1B858F61A501}.Release|x86.ActiveCfg = Release|Any CPU
		{03725606-3D6E-4649-833E-1B858F61A501}.Release|x86.Build.0 = Release|Any CPU
	EndGlobalSection
	GlobalSection(SolutionProperties) = preSolution
		HideSolutionNode = FALSE
	EndGlobalSection
	GlobalSection(NestedProjects) = preSolution
		{8B290487-4C16-E85E-E807-F579CBE9FC4D} = {827E0CD3-B72D-47B6-A68D-7590B98EB39B}
		{7DEBBBE3-ACF4-419F-A003-513E56294679} = {8B290487-4C16-E85E-E807-F579CBE9FC4D}
		{22BAF98C-8415-17C4-B26A-D537657BC863} = {827E0CD3-B72D-47B6-A68D-7590B98EB39B}
		{A150A891-8C3D-47E3-BE13-631300A7B3FB} = {22BAF98C-8415-17C4-B26A-D537657BC863}
		{6996BBF7-DB31-59BC-C7DD-9A7CCC6138C4} = {827E0CD3-B72D-47B6-A68D-7590B98EB39B}
		{B995191B-D05F-4239-8768-B2B0E856AF5D} = {6996BBF7-DB31-59BC-C7DD-9A7CCC6138C4}
		{8A51B04C-2636-BC03-B3C4-2AB7C54748BA} = {827E0CD3-B72D-47B6-A68D-7590B98EB39B}
		{66A75BEC-C354-425C-A170-DED89EDD3ED6} = {0C88DD14-F956-CE84-757C-A364CCF449FC}
		{77CEF794-0778-4D74-BBA8-7A865949102D} = {0C88DD14-F956-CE84-757C-A364CCF449FC}
		{87EE2688-CCBC-49DE-7814-F0F206AEE40D} = {8A51B04C-2636-BC03-B3C4-2AB7C54748BA}
		{618D38EC-0AF9-4CB0-B305-7190C45A14E2} = {87EE2688-CCBC-49DE-7814-F0F206AEE40D}
		{3BD6F64D-6E4E-4E42-B199-D6707CEC32B4} = {87EE2688-CCBC-49DE-7814-F0F206AEE40D}
		{F00BCCCE-0312-0A7C-7224-3FA5F2F140B3} = {8A51B04C-2636-BC03-B3C4-2AB7C54748BA}
		{2A54FB89-60A2-41F5-BF51-98DBC4648660} = {F00BCCCE-0312-0A7C-7224-3FA5F2F140B3}
		{B5B74C24-5A17-4E8A-B677-D3CBC950167C} = {6996BBF7-DB31-59BC-C7DD-9A7CCC6138C4}
		{03725606-3D6E-4649-833E-1B858F61A501} = {0C88DD14-F956-CE84-757C-A364CCF449FC}
	EndGlobalSection
EndGlobal
